<?xml version="1.0" encoding="utf-8"?>
<Project ToolsVersion="4.0" xmlns="http://schemas.microsoft.com/developer/msbuild/2003">
  <ItemGroup>
    <Filter Include="Source Files">
      <UniqueIdentifier>{4FC737F1-C7A5-4376-A066-2A32D752A2FF}</UniqueIdentifier>
      <Extensions>cpp;c;cc;cxx;c++;cppm;ixx;def;odl;idl;hpj;bat;asm;asmx</Extensions>
    </Filter>
  </ItemGroup>
  <ItemGroup>
    <ClCompile Include="Card.cpp">
      <Filter>Source Files</Filter>
    </ClCompile>
    <ClCompile Include="CardCollection.cpp">
      <Filter>Source Files</Filter>
    </ClCompile>
    <ClCompile Include="DiscardTracker.cpp">
      <Filter>Source Files</Filter>
    </ClCompile>
    <ClCompile Include="DoorProgress.cpp">
      <Filter>Source Files</Filter>
    </ClCompile>
    <ClCompile Include="Logging.cpp">
      <Filter>Source Files</Filter>
    </ClCompile>
    <ClCompile Include="LogUtils.cpp">
      <Filter>Source Files</Filter>
    </ClCompile>
    <ClCompile Include="PublicGameState.cpp">
      <Filter>Source Files</Filter>
    </ClCompile>
  </ItemGroup>
  <ItemGroup>
    <ClInclude Include="Headers\Card.h">
      <Filter>Source Files</Filter>
    </ClInclude>
    <ClInclude Include="Headers\CardCollection.h">
      <Filter>Source Files</Filter>
    </ClInclude>
    <ClInclude Include="Headers\DiscardTracker.h">
      <Filter>Source Files</Filter>
    </ClInclude>
    <ClInclude Include="Headers\DoorProgress.h">
      <Filter>Source Files</Filter>
    </ClInclude>
    <ClInclude Include="Headers\Enums.h">
      <Filter>Source Files</Filter>
    </ClInclude>
    <ClInclude Include="Headers\Logging.h">
      <Filter>Source Files</Filter>
    </ClInclude>
    <ClInclude Include="Headers\LogUtils.h">
      <Filter>Source Files</Filter>
    </ClInclude>
    <ClInclude Include="Headers\PlayerInterface.h">
      <Filter>Source Files</Filter>
    </ClInclude>
    <ClInclude Include="Headers\PublicGameState.h">
      <Filter>Source Files</Filter>
    </ClInclude>
  </ItemGroup>
</Project>