<?xml version="1.0" encoding="utf-8"?>
<Project ToolsVersion="4.0" xmlns="http://schemas.microsoft.com/developer/msbuild/2003">
  <ItemGroup>
    <Filter Include="Source Files">
      <UniqueIdentifier>{4FC737F1-C7A5-4376-A066-2A32D752A2FF}</UniqueIdentifier>
      <Extensions>cpp;c;cc;cxx;c++;cppm;ixx;def;odl;idl;hpj;bat;asm;asmx</Extensions>
    </Filter>
  </ItemGroup>
  <ItemGroup>
    <ClCompile Include="EntryPoint.cpp">
      <Filter>Source Files</Filter>
    </ClCompile>
    <ClCompile Include="Card.cpp">
      <Filter>Source Files</Filter>
    </ClCompile>
    <ClCompile Include="CardCollection.cpp">
      <Filter>Source Files</Filter>
    </ClCompile>
    <ClCompile Include="DiscardTracker.cpp">
      <Filter>Source Files</Filter>
    </ClCompile>
    <ClCompile Include="PublicGameState.cpp">
      <Filter>Source Files</Filter>
    </ClCompile>
    <ClCompile Include="InternalGameState.cpp">
      <Filter>Source Files</Filter>
    </ClCompile>
    <ClCompile Include="GameLogic.cpp">
      <Filter>Source Files</Filter>
    </ClCompile>
    <ClCompile Include="DoorProgress.cpp">
      <Filter>Source Files</Filter>
    </ClCompile>
    <ClCompile Include="ConsolePlayer.cpp">
      <Filter>Source Files</Filter>
    </ClCompile>
    <ClCompile Include="LogUtils.cpp">
      <Filter>Source Files</Filter>
    </ClCompile>
    <ClCompile Include="Logging.cpp">
      <Filter>Source Files</Filter>
    </ClCompile>
  </ItemGroup>
  <ItemGroup>
    <ClInclude Include="Card.h">
      <Filter>Source Files</Filter>
    </ClInclude>
    <ClInclude Include="Enums.h">
      <Filter>Source Files</Filter>
    </ClInclude>
    <ClInclude Include="CardCollection.h">
      <Filter>Source Files</Filter>
    </ClInclude>
    <ClInclude Include="DiscardTracker.h">
      <Filter>Source Files</Filter>
    </ClInclude>
    <ClInclude Include="PublicGameState.h">
      <Filter>Source Files</Filter>
    </ClInclude>
    <ClInclude Include="InternalGameState.h">
      <Filter>Source Files</Filter>
    </ClInclude>
    <ClInclude Include="GameLogic.h">
      <Filter>Source Files</Filter>
    </ClInclude>
    <ClInclude Include="DoorProgress.h">
      <Filter>Source Files</Filter>
    </ClInclude>
    <ClInclude Include="PlayerInterface.h">
      <Filter>Source Files</Filter>
    </ClInclude>
    <ClInclude Include="ConsolePlayer.h">
      <Filter>Source Files</Filter>
    </ClInclude>
    <ClInclude Include="LogUtils.h">
      <Filter>Source Files</Filter>
    </ClInclude>
    <ClInclude Include="Logging.h">
      <Filter>Source Files</Filter>
    </ClInclude>
  </ItemGroup>
</Project>