
Microsoft Visual Studio Solution File, Format Version 12.00
# Visual Studio Version 16
VisualStudioVersion = 16.0.30907.101
MinimumVisualStudioVersion = 10.0.40219.1
Project("{8BC9CEB8-8B4A-11D0-8D11-00A0C91BC942}") = "ConsolePlayer", "ConsolePlayer\ConsolePlayer.vcxproj", "{871CD363-48EE-48EB-A18D-20F729943EEE}"
	ProjectSection(ProjectDependencies) = postProject
		{21497A0E-0680-4A31-8E3F-B6A4194C57AA} = {21497A0E-0680-4A31-8E3F-B6A4194C57AA}
		{D987764D-B837-4DE4-8526-D7974F50F82A} = {D987764D-B837-4DE4-8526-D7974F50F82A}
	EndProjectSection
EndProject
Project("{8BC9CEB8-8B4A-11D0-8D11-00A0C91BC942}") = "GameLogic", "GameLogic\GameLogic.vcxproj", "{21497A0E-0680-4A31-8E3F-B6A4194C57AA}"
	ProjectSection(ProjectDependencies) = postProject
		{D987764D-B837-4DE4-8526-D7974F50F82A} = {D987764D-B837-4DE4-8526-D7974F50F82A}
	EndProjectSection
EndProject
Project("{8BC9CEB8-8B4A-11D0-8D11-00A0C91BC942}") = "GameUtils", "GameUtils\GameUtils.vcxproj", "{D987764D-B837-4DE4-8526-D7974F50F82A}"
EndProject
Project("{8BC9CEB8-8B4A-11D0-8D11-00A0C91BC942}") = "AIPlayer", "AIPlayer\AIPlayer.vcxproj", "{45F42EEC-20C6-45D6-B38E-E43DE5002B4F}"
	ProjectSection(ProjectDependencies) = postProject
		{21497A0E-0680-4A31-8E3F-B6A4194C57AA} = {21497A0E-0680-4A31-8E3F-B6A4194C57AA}
		{D987764D-B837-4DE4-8526-D7974F50F82A} = {D987764D-B837-4DE4-8526-D7974F50F82A}
	EndProjectSection
EndProject
Project("{8BC9CEB8-8B4A-11D0-8D11-00A0C91BC942}") = "PlayerTemplate", "PlayerTemplate\PlayerTemplate.vcxproj", "{6ACA50E3-DCDF-416A-9BA0-0E073A77D454}"
	ProjectSection(ProjectDependencies) = postProject
		{21497A0E-0680-4A31-8E3F-B6A4194C57AA} = {21497A0E-0680-4A31-8E3F-B6A4194C57AA}
		{D987764D-B837-4DE4-8526-D7974F50F82A} = {D987764D-B837-4DE4-8526-D7974F50F82A}
	EndProjectSection
EndProject
Project("{2150E333-8FDC-42A3-9474-1A3956D46DE8}") = "Players", "Players", "{DD312269-A9D2-45BC-ABC4-715D9479B222}"
EndProject
Project("{8BC9CEB8-8B4A-11D0-8D11-00A0C91BC942}") = "PythonPlayer", "PythonPlayer\PythonPlayer.vcxproj", "{102101CA-B5B5-420B-8174-4562AE4397C0}"
	ProjectSection(ProjectDependencies) = postProject
		{21497A0E-0680-4A31-8E3F-B6A4194C57AA} = {21497A0E-0680-4A31-8E3F-B6A4194C57AA}
		{D987764D-B837-4DE4-8526-D7974F50F82A} = {D987764D-B837-4DE4-8526-D7974F50F82A}
	EndProjectSection
EndProject
Global
	GlobalSection(SolutionConfigurationPlatforms) = preSolution
		Debug_NoLogging|x64 = Debug_NoLogging|x64
		Debug_NoLogging|x86 = Debug_NoLogging|x86
		Debug|x64 = Debug|x64
		Debug|x86 = Debug|x86
		Release|x64 = Release|x64
		Release|x86 = Release|x86
	EndGlobalSection
	GlobalSection(ProjectConfigurationPlatforms) = postSolution
		{871CD363-48EE-48EB-A18D-20F729943EEE}.Debug_NoLogging|x64.ActiveCfg = Debug|x64
		{871CD363-48EE-48EB-A18D-20F729943EEE}.Debug_NoLogging|x64.Build.0 = Debug|x64
		{871CD363-48EE-48EB-A18D-20F729943EEE}.Debug_NoLogging|x86.ActiveCfg = Debug|Win32
		{871CD363-48EE-48EB-A18D-20F729943EEE}.Debug_NoLogging|x86.Build.0 = Debug|Win32
		{871CD363-48EE-48EB-A18D-20F729943EEE}.Debug|x64.ActiveCfg = Debug|x64
		{871CD363-48EE-48EB-A18D-20F729943EEE}.Debug|x64.Build.0 = Debug|x64
		{871CD363-48EE-48EB-A18D-20F729943EEE}.Debug|x86.ActiveCfg = Debug|Win32
		{871CD363-48EE-48EB-A18D-20F729943EEE}.Debug|x86.Build.0 = Debug|Win32
		{871CD363-48EE-48EB-A18D-20F729943EEE}.Release|x64.ActiveCfg = Release|x64
		{871CD363-48EE-48EB-A18D-20F729943EEE}.Release|x64.Build.0 = Release|x64
		{871CD363-48EE-48EB-A18D-20F729943EEE}.Release|x86.ActiveCfg = Release|Win32
		{871CD363-48EE-48EB-A18D-20F729943EEE}.Release|x86.Build.0 = Release|Win32
		{21497A0E-0680-4A31-8E3F-B6A4194C57AA}.Debug_NoLogging|x64.ActiveCfg = Debug_NoLogging|x64
		{21497A0E-0680-4A31-8E3F-B6A4194C57AA}.Debug_NoLogging|x64.Build.0 = Debug_NoLogging|x64
		{21497A0E-0680-4A31-8E3F-B6A4194C57AA}.Debug_NoLogging|x86.ActiveCfg = Debug|Win32
		{21497A0E-0680-4A31-8E3F-B6A4194C57AA}.Debug_NoLogging|x86.Build.0 = Debug|Win32
		{21497A0E-0680-4A31-8E3F-B6A4194C57AA}.Debug|x64.ActiveCfg = Debug|x64
		{21497A0E-0680-4A31-8E3F-B6A4194C57AA}.Debug|x64.Build.0 = Debug|x64
		{21497A0E-0680-4A31-8E3F-B6A4194C57AA}.Debug|x86.ActiveCfg = Debug|Win32
		{21497A0E-0680-4A31-8E3F-B6A4194C57AA}.Debug|x86.Build.0 = Debug|Win32
		{21497A0E-0680-4A31-8E3F-B6A4194C57AA}.Release|x64.ActiveCfg = Release|x64
		{21497A0E-0680-4A31-8E3F-B6A4194C57AA}.Release|x64.Build.0 = Release|x64
		{21497A0E-0680-4A31-8E3F-B6A4194C57AA}.Release|x86.ActiveCfg = Release|Win32
		{21497A0E-0680-4A31-8E3F-B6A4194C57AA}.Release|x86.Build.0 = Release|Win32
		{D987764D-B837-4DE4-8526-D7974F50F82A}.Debug_NoLogging|x64.ActiveCfg = Debug|x64
		{D987764D-B837-4DE4-8526-D7974F50F82A}.Debug_NoLogging|x64.Build.0 = Debug|x64
		{D987764D-B837-4DE4-8526-D7974F50F82A}.Debug_NoLogging|x86.ActiveCfg = Debug|Win32
		{D987764D-B837-4DE4-8526-D7974F50F82A}.Debug_NoLogging|x86.Build.0 = Debug|Win32
		{D987764D-B837-4DE4-8526-D7974F50F82A}.Debug|x64.ActiveCfg = Debug|x64
		{D987764D-B837-4DE4-8526-D7974F50F82A}.Debug|x64.Build.0 = Debug|x64
		{D987764D-B837-4DE4-8526-D7974F50F82A}.Debug|x86.ActiveCfg = Debug|Win32
		{D987764D-B837-4DE4-8526-D7974F50F82A}.Debug|x86.Build.0 = Debug|Win32
		{D987764D-B837-4DE4-8526-D7974F50F82A}.Release|x64.ActiveCfg = Release|x64
		{D987764D-B837-4DE4-8526-D7974F50F82A}.Release|x64.Build.0 = Release|x64
		{D987764D-B837-4DE4-8526-D7974F50F82A}.Release|x86.ActiveCfg = Release|Win32
		{D987764D-B837-4DE4-8526-D7974F50F82A}.Release|x86.Build.0 = Release|Win32
		{45F42EEC-20C6-45D6-B38E-E43DE5002B4F}.Debug_NoLogging|x64.ActiveCfg = Debug|x64
		{45F42EEC-20C6-45D6-B38E-E43DE5002B4F}.Debug_NoLogging|x64.Build.0 = Debug|x64
		{45F42EEC-20C6-45D6-B38E-E43DE5002B4F}.Debug_NoLogging|x86.ActiveCfg = Debug|Win32
		{45F42EEC-20C6-45D6-B38E-E43DE5002B4F}.Debug_NoLogging|x86.Build.0 = Debug|Win32
		{45F42EEC-20C6-45D6-B38E-E43DE5002B4F}.Debug|x64.ActiveCfg = Debug|x64
		{45F42EEC-20C6-45D6-B38E-E43DE5002B4F}.Debug|x64.Build.0 = Debug|x64
		{45F42EEC-20C6-45D6-B38E-E43DE5002B4F}.Debug|x86.ActiveCfg = Debug|Win32
		{45F42EEC-20C6-45D6-B38E-E43DE5002B4F}.Debug|x86.Build.0 = Debug|Win32
		{45F42EEC-20C6-45D6-B38E-E43DE5002B4F}.Release|x64.ActiveCfg = Release|x64
		{45F42EEC-20C6-45D6-B38E-E43DE5002B4F}.Release|x64.Build.0 = Release|x64
		{45F42EEC-20C6-45D6-B38E-E43DE5002B4F}.Release|x86.ActiveCfg = Release|Win32
		{45F42EEC-20C6-45D6-B38E-E43DE5002B4F}.Release|x86.Build.0 = Release|Win32
		{6ACA50E3-DCDF-416A-9BA0-0E073A77D454}.Debug_NoLogging|x64.ActiveCfg = Debug|x64
		{6ACA50E3-DCDF-416A-9BA0-0E073A77D454}.Debug_NoLogging|x64.Build.0 = Debug|x64
		{6ACA50E3-DCDF-416A-9BA0-0E073A77D454}.Debug_NoLogging|x86.ActiveCfg = Debug|Win32
		{6ACA50E3-DCDF-416A-9BA0-0E073A77D454}.Debug_NoLogging|x86.Build.0 = Debug|Win32
		{6ACA50E3-DCDF-416A-9BA0-0E073A77D454}.Debug|x64.ActiveCfg = Debug|x64
		{6ACA50E3-DCDF-416A-9BA0-0E073A77D454}.Debug|x64.Build.0 = Debug|x64
		{6ACA50E3-DCDF-416A-9BA0-0E073A77D454}.Debug|x86.ActiveCfg = Debug|Win32
		{6ACA50E3-DCDF-416A-9BA0-0E073A77D454}.Debug|x86.Build.0 = Debug|Win32
		{6ACA50E3-DCDF-416A-9BA0-0E073A77D454}.Release|x64.ActiveCfg = Release|x64
		{6ACA50E3-DCDF-416A-9BA0-0E073A77D454}.Release|x64.Build.0 = Release|x64
		{6ACA50E3-DCDF-416A-9BA0-0E073A77D454}.Release|x86.ActiveCfg = Release|Win32
		{6ACA50E3-DCDF-416A-9BA0-0E073A77D454}.Release|x86.Build.0 = Release|Win32
		{102101CA-B5B5-420B-8174-4562AE4397C0}.Debug_NoLogging|x64.ActiveCfg = Debug|x64
		{102101CA-B5B5-420B-8174-4562AE4397C0}.Debug_NoLogging|x64.Build.0 = Debug|x64
		{102101CA-B5B5-420B-8174-4562AE4397C0}.Debug_NoLogging|x86.ActiveCfg = Debug|Win32
		{102101CA-B5B5-420B-8174-4562AE4397C0}.Debug_NoLogging|x86.Build.0 = Debug|Win32
		{102101CA-B5B5-420B-8174-4562AE4397C0}.Debug|x64.ActiveCfg = Debug|x64
		{102101CA-B5B5-420B-8174-4562AE4397C0}.Debug|x64.Build.0 = Debug|x64
		{102101CA-B5B5-420B-8174-4562AE4397C0}.Debug|x86.ActiveCfg = Debug|Win32
		{102101CA-B5B5-420B-8174-4562AE4397C0}.Debug|x86.Build.0 = Debug|Win32
		{102101CA-B5B5-420B-8174-4562AE4397C0}.Release|x64.ActiveCfg = Release|x64
		{102101CA-B5B5-420B-8174-4562AE4397C0}.Release|x64.Build.0 = Release|x64
		{102101CA-B5B5-420B-8174-4562AE4397C0}.Release|x86.ActiveCfg = Release|Win32
		{102101CA-B5B5-420B-8174-4562AE4397C0}.Release|x86.Build.0 = Release|Win32
	EndGlobalSection
	GlobalSection(SolutionProperties) = preSolution
		HideSolutionNode = FALSE
	EndGlobalSection
	GlobalSection(NestedProjects) = preSolution
		{871CD363-48EE-48EB-A18D-20F729943EEE} = {DD312269-A9D2-45BC-ABC4-715D9479B222}
		{45F42EEC-20C6-45D6-B38E-E43DE5002B4F} = {DD312269-A9D2-45BC-ABC4-715D9479B222}
		{6ACA50E3-DCDF-416A-9BA0-0E073A77D454} = {DD312269-A9D2-45BC-ABC4-715D9479B222}
		{102101CA-B5B5-420B-8174-4562AE4397C0} = {DD312269-A9D2-45BC-ABC4-715D9479B222}
	EndGlobalSection
	GlobalSection(ExtensibilityGlobals) = postSolution
		SolutionGuid = {CD77D64F-C5CD-4E54-AE8F-A351BB996671}
	EndGlobalSection
EndGlobal
